
Microsoft Visual Studio Solution File, Format Version 12.00
Project("{FAE04EC0-301F-11D3-BF4B-00C04F79EFBC}") = "GitDemo", "GitDemo\GitDemo.csproj", "{7A062D1F-E51F-4242-B203-B899CA7D93DE}"
EndProject
Global
	GlobalSection(SolutionConfigurationPlatforms) = preSolution
		Debug|Any CPU = Debug|Any CPU
		Release|Any CPU = Release|Any CPU
	EndGlobalSection
	GlobalSection(ProjectConfigurationPlatforms) = postSolution
		{7A062D1F-E51F-4242-B203-B899CA7D93DE}.Debug|Any CPU.ActiveCfg = Debug|Any CPU
		{7A062D1F-E51F-4242-B203-B899CA7D93DE}.Debug|Any CPU.Build.0 = Debug|Any CPU
		{7A062D1F-E51F-4242-B203-B899CA7D93DE}.Release|Any CPU.ActiveCfg = Release|Any CPU
		{7A062D1F-E51F-4242-B203-B899CA7D93DE}.Release|Any CPU.Build.0 = Release|Any CPU
	EndGlobalSection
EndGlobal
